
Microsoft Visual Studio Solution File, Format Version 12.00
# Visual Studio Version 16
VisualStudioVersion = 16.0.31702.278
MinimumVisualStudioVersion = 10.0.40219.1
Project("{9A19103F-16F7-4668-BE54-9A1E7A4F7556}") = "VSEat_Project", "VSEat_Project\VSEat_Project.csproj", "{08050878-9517-4430-9AD3-CBD727A9DE7B}"
EndProject
Project("{9A19103F-16F7-4668-BE54-9A1E7A4F7556}") = "DAL", "DAL\DAL.csproj", "{A96E869B-6DF2-47FB-B19B-DFC872390812}"
EndProject
Project("{9A19103F-16F7-4668-BE54-9A1E7A4F7556}") = "DTO", "DTO\DTO.csproj", "{0A44FFF1-5195-46D1-BFBF-55A6BB236176}"
EndProject
Project("{9A19103F-16F7-4668-BE54-9A1E7A4F7556}") = "BLL", "BLL\BLL.csproj", "{3D90ED63-36D8-4076-A604-F0D814703FB4}"
EndProject
Project("{FAE04EC0-301F-11D3-BF4B-00C04F79EFBC}") = "WebApplication", "WebApplication\WebApplication.csproj", "{25A26E93-51A1-4D20-9DD7-6740714FB919}"
EndProject
Global
	GlobalSection(SolutionConfigurationPlatforms) = preSolution
		Debug|Any CPU = Debug|Any CPU
		Release|Any CPU = Release|Any CPU
	EndGlobalSection
	GlobalSection(ProjectConfigurationPlatforms) = postSolution
		{08050878-9517-4430-9AD3-CBD727A9DE7B}.Debug|Any CPU.ActiveCfg = Debug|Any CPU
		{08050878-9517-4430-9AD3-CBD727A9DE7B}.Debug|Any CPU.Build.0 = Debug|Any CPU
		{08050878-9517-4430-9AD3-CBD727A9DE7B}.Release|Any CPU.ActiveCfg = Release|Any CPU
		{08050878-9517-4430-9AD3-CBD727A9DE7B}.Release|Any CPU.Build.0 = Release|Any CPU
		{A96E869B-6DF2-47FB-B19B-DFC872390812}.Debug|Any CPU.ActiveCfg = Debug|Any CPU
		{A96E869B-6DF2-47FB-B19B-DFC872390812}.Debug|Any CPU.Build.0 = Debug|Any CPU
		{A96E869B-6DF2-47FB-B19B-DFC872390812}.Release|Any CPU.ActiveCfg = Release|Any CPU
		{A96E869B-6DF2-47FB-B19B-DFC872390812}.Release|Any CPU.Build.0 = Release|Any CPU
		{0A44FFF1-5195-46D1-BFBF-55A6BB236176}.Debug|Any CPU.ActiveCfg = Debug|Any CPU
		{0A44FFF1-5195-46D1-BFBF-55A6BB236176}.Debug|Any CPU.Build.0 = Debug|Any CPU
		{0A44FFF1-5195-46D1-BFBF-55A6BB236176}.Release|Any CPU.ActiveCfg = Release|Any CPU
		{0A44FFF1-5195-46D1-BFBF-55A6BB236176}.Release|Any CPU.Build.0 = Release|Any CPU
		{3D90ED63-36D8-4076-A604-F0D814703FB4}.Debug|Any CPU.ActiveCfg = Debug|Any CPU
		{3D90ED63-36D8-4076-A604-F0D814703FB4}.Debug|Any CPU.Build.0 = Debug|Any CPU
		{3D90ED63-36D8-4076-A604-F0D814703FB4}.Release|Any CPU.ActiveCfg = Release|Any CPU
		{3D90ED63-36D8-4076-A604-F0D814703FB4}.Release|Any CPU.Build.0 = Release|Any CPU
		{25A26E93-51A1-4D20-9DD7-6740714FB919}.Debug|Any CPU.ActiveCfg = Debug|Any CPU
		{25A26E93-51A1-4D20-9DD7-6740714FB919}.Debug|Any CPU.Build.0 = Debug|Any CPU
		{25A26E93-51A1-4D20-9DD7-6740714FB919}.Release|Any CPU.ActiveCfg = Release|Any CPU
		{25A26E93-51A1-4D20-9DD7-6740714FB919}.Release|Any CPU.Build.0 = Release|Any CPU
	EndGlobalSection
	GlobalSection(SolutionProperties) = preSolution
		HideSolutionNode = FALSE
	EndGlobalSection
	GlobalSection(ExtensibilityGlobals) = postSolution
		SolutionGuid = {32562D84-C6F1-4F89-A138-9EADF13D7BD5}
	EndGlobalSection
EndGlobal
